// !$*UTF8*$!
{
	archiveVersion = 1;
	classes = {
	};
	objectVersion = 46;
	objects = {

/* Begin PBXBuildFile section */
		330822211E796F7600C3B0E3 /* AppDelegate.swift in Sources */ = {isa = PBXBuildFile; fileRef = 330822201E796F7600C3B0E3 /* AppDelegate.swift */; };
		330822231E796F7600C3B0E3 /* ViewController.swift in Sources */ = {isa = PBXBuildFile; fileRef = 330822221E796F7600C3B0E3 /* ViewController.swift */; };
		330822261E796F7600C3B0E3 /* Main.storyboard in Resources */ = {isa = PBXBuildFile; fileRef = 330822241E796F7600C3B0E3 /* Main.storyboard */; };
		330822281E796F7600C3B0E3 /* Assets.xcassets in Resources */ = {isa = PBXBuildFile; fileRef = 330822271E796F7600C3B0E3 /* Assets.xcassets */; };
		3308222B1E796F7600C3B0E3 /* LaunchScreen.storyboard in Resources */ = {isa = PBXBuildFile; fileRef = 330822291E796F7600C3B0E3 /* LaunchScreen.storyboard */; };
/* End PBXBuildFile section */

/* Begin PBXFileReference section */
		3308221D1E796F7600C3B0E3 /* taskapp02.app */ = {isa = PBXFileReference; explicitFileType = wrapper.application; includeInIndex = 0; path = taskapp02.app; sourceTree = BUILT_PRODUCTS_DIR; };
		330822201E796F7600C3B0E3 /* AppDelegate.swift */ = {isa = PBXFileReference; lastKnownFileType = sourcecode.swift; path = AppDelegate.swift; sourceTree = "<group>"; };
		330822221E796F7600C3B0E3 /* ViewController.swift */ = {isa = PBXFileReference; lastKnownFileType = sourcecode.swift; path = ViewController.swift; sourceTree = "<group>"; };
		330822251E796F7600C3B0E3 /* Base */ = {isa = PBXFileReference; lastKnownFileType = file.storyboard; name = Base; path = Base.lproj/Main.storyboard; sourceTree = "<group>"; };
		330822271E796F7600C3B0E3 /* Assets.xcassets */ = {isa = PBXFileReference; lastKnownFileType = folder.assetcatalog; path = Assets.xcassets; sourceTree = "<group>"; };
		3308222A1E796F7600C3B0E3 /* Base */ = {isa = PBXFileReference; lastKnownFileType = file.storyboard; name = Base; path = Base.lproj/LaunchScreen.storyboard; sourceTree = "<group>"; };
		3308222C1E796F7600C3B0E3 /* Info.plist */ = {isa = PBXFileReference; lastKnownFileType = text.plist.xml; path = Info.plist; sourceTree = "<group>"; };
/* End PBXFileReference section */

/* Begin PBXFrameworksBuildPhase section */
		3308221A1E796F7600C3B0E3 /* Frameworks */ = {
			isa = PBXFrameworksBuildPhase;
			buildActionMask = 2147483647;
			files = (
			);
			runOnlyForDeploymentPostprocessing = 0;
		};
/* End PBXFrameworksBuildPhase section */

/* Begin PBXGroup section */
		330822141E796F7600C3B0E3 = {
			isa = PBXGroup;
			children = (
				3308221F1E796F7600C3B0E3 /* taskapp02 */,
				3308221E1E796F7600C3B0E3 /* Products */,
			);
			sourceTree = "<group>";
		};
		3308221E1E796F7600C3B0E3 /* Products */ = {
			isa = PBXGroup;
			children = (
				3308221D1E796F7600C3B0E3 /* taskapp02.app */,
			);
			name = Products;
			sourceTree = "<group>";
		};
		3308221F1E796F7600C3B0E3 /* taskapp02 */ = {
			isa = PBXGroup;
			children = (
				330822201E796F7600C3B0E3 /* AppDelegate.swift */,
				330822221E796F7600C3B0E3 /* ViewController.swift */,
				330822241E796F7600C3B0E3 /* Main.storyboard */,
				330822271E796F7600C3B0E3 /* Assets.xcassets */,
				330822291E796F7600C3B0E3 /* LaunchScreen.storyboard */,
				3308222C1E796F7600C3B0E3 /* Info.plist */,
			);
			path = taskapp02;
			sourceTree = "<group>";
		};
/* End PBXGroup section */

/* Begin PBXNativeTarget section */
		3308221C1E796F7600C3B0E3 /* taskapp02 */ = {
			isa = PBXNativeTarget;
			buildConfigurationList = 3308222F1E796F7600C3B0E3 /* Build configuration list for PBXNativeTarget "taskapp02" */;
			buildPhases = (
				330822191E796F7600C3B0E3 /* Sources */,
				3308221A1E796F7600C3B0E3 /* Frameworks */,
				3308221B1E796F7600C3B0E3 /* Resources */,
			);
			buildRules = (
			);
			dependencies = (
			);
			name = taskapp02;
			productName = taskapp02;
			productReference = 3308221D1E796F7600C3B0E3 /* taskapp02.app */;
			productType = "com.apple.product-type.application";
		};
/* End PBXNativeTarget section */

/* Begin PBXProject section */
		330822151E796F7600C3B0E3 /* Project object */ = {
			isa = PBXProject;
			attributes = {
				LastSwiftUpdateCheck = 0730;
				LastUpgradeCheck = 0730;
				ORGANIZATIONNAME = asa10yoru;
				TargetAttributes = {
					3308221C1E796F7600C3B0E3 = {
						CreatedOnToolsVersion = 7.3;
					};
				};
			};
			buildConfigurationList = 330822181E796F7600C3B0E3 /* Build configuration list for PBXProject "taskapp02" */;
			compatibilityVersion = "Xcode 3.2";
			developmentRegion = English;
			hasScannedForEncodings = 0;
			knownRegions = (
				en,
				Base,
			);
			mainGroup = 330822141E796F7600C3B0E3;
			productRefGroup = 3308221E1E796F7600C3B0E3 /* Products */;
			projectDirPath = "";
			projectRoot = "";
			targets = (
				3308221C1E796F7600C3B0E3 /* taskapp02 */,
			);
		};
/* End PBXProject section */

/* Begin PBXResourcesBuildPhase section */
		3308221B1E796F7600C3B0E3 /* Resources */ = {
			isa = PBXResourcesBuildPhase;
			buildActionMask = 2147483647;
			files = (
				3308222B1E796F7600C3B0E3 /* LaunchScreen.storyboard in Resources */,
				330822281E796F7600C3B0E3 /* Assets.xcassets in Resources */,
				330822261E796F7600C3B0E3 /* Main.storyboard in Resources */,
			);
			runOnlyForDeploymentPostprocessing = 0;
		};
/* End PBXResourcesBuildPhase section */

/* Begin PBXSourcesBuildPhase section */
		330822191E796F7600C3B0E3 /* Sources */ = {
			isa = PBXSourcesBuildPhase;
			buildActionMask = 2147483647;
			files = (
				330822231E796F7600C3B0E3 /* ViewController.swift in Sources */,
				330822211E796F7600C3B0E3 /* AppDelegate.swift in Sources */,
			);
			runOnlyForDeploymentPostprocessing = 0;
		};
/* End PBXSourcesBuildPhase section */

/* Begin PBXVariantGroup section */
		330822241E796F7600C3B0E3 /* Main.storyboard */ = {
			isa = PBXVariantGroup;
			children = (
				330822251E796F7600C3B0E3 /* Base */,
			);
			name = Main.storyboard;
			sourceTree = "<group>";
		};
		330822291E796F7600C3B0E3 /* LaunchScreen.storyboard */ = {
			isa = PBXVariantGroup;
			children = (
				3308222A1E796F7600C3B0E3 /* Base */,
			);
			name = LaunchScreen.storyboard;
			sourceTree = "<group>";
		};
/* End PBXVariantGroup section */

/* Begin XCBuildConfiguration section */
		3308222D1E796F7600C3B0E3 /* Debug */ = {
			isa = XCBuildConfiguration;
			buildSettings = {
				ALWAYS_SEARCH_USER_PATHS = NO;
				CLANG_ANALYZER_NONNULL = YES;
				CLANG_CXX_LANGUAGE_STANDARD = "gnu++0x";
				CLANG_CXX_LIBRARY = "libc++";
				CLANG_ENABLE_MODULES = YES;
				CLANG_ENABLE_OBJC_ARC = YES;
				CLANG_WARN_BOOL_CONVERSION = YES;
				CLANG_WARN_CONSTANT_CONVERSION = YES;
				CLANG_WARN_DIRECT_OBJC_ISA_USAGE = YES_ERROR;
				CLANG_WARN_EMPTY_BODY = YES;
				CLANG_WARN_ENUM_CONVERSION = YES;
				CLANG_WARN_INT_CONVERSION = YES;
				CLANG_WARN_OBJC_ROOT_CLASS = YES_ERROR;
				CLANG_WARN_UNREACHABLE_CODE = YES;
				CLANG_WARN__DUPLICATE_METHOD_MATCH = YES;
				"CODE_SIGN_IDENTITY[sdk=iphoneos*]" = "iPhone Developer";
				COPY_PHASE_STRIP = NO;
				DEBUG_INFORMATION_FORMAT = dwarf;
				ENABLE_STRICT_OBJC_MSGSEND = YES;
				ENABLE_TESTABILITY = YES;
				GCC_C_LANGUAGE_STANDARD = gnu99;
				GCC_DYNAMIC_NO_PIC = NO;
				GCC_NO_COMMON_BLOCKS = YES;
				GCC_OPTIMIZATION_LEVEL = 0;
				GCC_PREPROCESSOR_DEFINITIONS = (
					"DEBUG=1",
					"$(inherited)",
				);
				GCC_WARN_64_TO_32_BIT_CONVERSION = YES;
				GCC_WARN_ABOUT_RETURN_TYPE = YES_ERROR;
				GCC_WARN_UNDECLARED_SELECTOR = YES;
				GCC_WARN_UNINITIALIZED_AUTOS = YES_AGGRESSIVE;
				GCC_WARN_UNUSED_FUNCTION = YES;
				GCC_WARN_UNUSED_VARIABLE = YES;
				IPHONEOS_DEPLOYMENT_TARGET = 9.3;
				MTL_ENABLE_DEBUG_INFO = YES;
				ONLY_ACTIVE_ARCH = YES;
				SDKROOT = iphoneos;
				SWIFT_OPTIMIZATION_LEVEL = "-Onone";
			};
			name = Debug;
		};
		3308222E1E796F7600C3B0E3 /* Release */ = {
			isa = XCBuildConfiguration;
			buildSettings = {
				ALWAYS_SEARCH_USER_PATHS = NO;
				CLANG_ANALYZER_NONNULL = YES;
				CLANG_CXX_LANGUAGE_STANDARD = "gnu++0x";
				CLANG_CXX_LIBRARY = "libc++";
				CLANG_ENABLE_MODULES = YES;
				CLANG_ENABLE_OBJC_ARC = YES;
				CLANG_WARN_BOOL_CONVERSION = YES;
				CLANG_WARN_CONSTANT_CONVERSION = YES;
				CLANG_WARN_DIRECT_OBJC_ISA_USAGE = YES_ERROR;
				CLANG_WARN_EMPTY_BODY = YES;
				CLANG_WARN_ENUM_CONVERSION = YES;
				CLANG_WARN_INT_CONVERSION = YES;
				CLANG_WARN_OBJC_ROOT_CLASS = YES_ERROR;
				CLANG_WARN_UNREACHABLE_CODE = YES;
				CLANG_WARN__DUPLICATE_METHOD_MATCH = YES;
				"CODE_SIGN_IDENTITY[sdk=iphoneos*]" = "iPhone Developer";
				COPY_PHASE_STRIP = NO;
				DEBUG_INFORMATION_FORMAT = "dwarf-with-dsym";
				ENABLE_NS_ASSERTIONS = NO;
				ENABLE_STRICT_OBJC_MSGSEND = YES;
				GCC_C_LANGUAGE_STANDARD = gnu99;
				GCC_NO_COMMON_BLOCKS = YES;
				GCC_WARN_64_TO_32_BIT_CONVERSION = YES;
				GCC_WARN_ABOUT_RETURN_TYPE = YES_ERROR;
				GCC_WARN_UNDECLARED_SELECTOR = YES;
				GCC_WARN_UNINITIALIZED_AUTOS = YES_AGGRESSIVE;
				GCC_WARN_UNUSED_FUNCTION = YES;
				GCC_WARN_UNUSED_VARIABLE = YES;
				IPHONEOS_DEPLOYMENT_TARGET = 9.3;
				MTL_ENABLE_DEBUG_INFO = NO;
				SDKROOT = iphoneos;
				VALIDATE_PRODUCT = YES;
			};
			name = Release;
		};
		330822301E796F7600C3B0E3 /* Debug */ = {
			isa = XCBuildConfiguration;
			buildSettings = {
				ASSETCATALOG_COMPILER_APPICON_NAME = AppIcon;
				INFOPLIST_FILE = taskapp02/Info.plist;
				LD_RUNPATH_SEARCH_PATHS = "$(inherited) @executable_path/Frameworks";
				PRODUCT_BUNDLE_IDENTIFIER = jp.techacademy.asa10yoru.taskapp02;
				PRODUCT_NAME = "$(TARGET_NAME)";
			};
			name = Debug;
		};
		330822311E796F7600C3B0E3 /* Release */ = {
			isa = XCBuildConfiguration;
			buildSettings = {
				ASSETCATALOG_COMPILER_APPICON_NAME = AppIcon;
				INFOPLIST_FILE = taskapp02/Info.plist;
				LD_RUNPATH_SEARCH_PATHS = "$(inherited) @executable_path/Frameworks";
				PRODUCT_BUNDLE_IDENTIFIER = jp.techacademy.asa10yoru.taskapp02;
				PRODUCT_NAME = "$(TARGET_NAME)";
			};
			name = Release;
		};
/* End XCBuildConfiguration section */

/* Begin XCConfigurationList section */
		330822181E796F7600C3B0E3 /* Build configuration list for PBXProject "taskapp02" */ = {
			isa = XCConfigurationList;
			buildConfigurations = (
				3308222D1E796F7600C3B0E3 /* Debug */,
				3308222E1E796F7600C3B0E3 /* Release */,
			);
			defaultConfigurationIsVisible = 0;
			defaultConfigurationName = Release;
		};
		3308222F1E796F7600C3B0E3 /* Build configuration list for PBXNativeTarget "taskapp02" */ = {
			isa = XCConfigurationList;
			buildConfigurations = (
				330822301E796F7600C3B0E3 /* Debug */,
				330822311E796F7600C3B0E3 /* Release */,
			);
			defaultConfigurationIsVisible = 0;
		};
/* End XCConfigurationList section */
	};
	rootObject = 330822151E796F7600C3B0E3 /* Project object */;
}
